// !$*UTF8*$!
{
	archiveVersion = 1;
	classes = {
	};
	objectVersion = 50;
	objects = {

/* Begin PBXBuildFile section */
		036D4A342763813100F0A1D2 /* MenuButton.swift in Sources */ = {isa = PBXBuildFile; fileRef = 036D4A332763813100F0A1D2 /* MenuButton.swift */; };
		036D4A37276381BA00F0A1D2 /* SubPage.swift in Sources */ = {isa = PBXBuildFile; fileRef = 036D4A36276381BA00F0A1D2 /* SubPage.swift */; };
		0370D4DC273F4FE8009750C2 /* AppDelegate.swift in Sources */ = {isa = PBXBuildFile; fileRef = 0370D4DB273F4FE8009750C2 /* AppDelegate.swift */; };
		0370D4DE273F4FE8009750C2 /* SceneDelegate.swift in Sources */ = {isa = PBXBuildFile; fileRef = 0370D4DD273F4FE8009750C2 /* SceneDelegate.swift */; };
		0370D4E0273F4FE8009750C2 /* ContentView.swift in Sources */ = {isa = PBXBuildFile; fileRef = 0370D4DF273F4FE8009750C2 /* ContentView.swift */; };
		0370D4E2273F4FE9009750C2 /* Assets.xcassets in Resources */ = {isa = PBXBuildFile; fileRef = 0370D4E1273F4FE9009750C2 /* Assets.xcassets */; };
		0370D4E5273F4FE9009750C2 /* Preview Assets.xcassets in Resources */ = {isa = PBXBuildFile; fileRef = 0370D4E4273F4FE9009750C2 /* Preview Assets.xcassets */; };
		0370D4E8273F4FE9009750C2 /* LaunchScreen.storyboard in Resources */ = {isa = PBXBuildFile; fileRef = 0370D4E6273F4FE9009750C2 /* LaunchScreen.storyboard */; };
		0370D4F5273F622C009750C2 /* MenuView.swift in Sources */ = {isa = PBXBuildFile; fileRef = 0370D4F4273F622C009750C2 /* MenuView.swift */; };
		0370D4F8273F6242009750C2 /* HomeView.swift in Sources */ = {isa = PBXBuildFile; fileRef = 0370D4F7273F6242009750C2 /* HomeView.swift */; };
		0370D4FB273F629E009750C2 /* MainView.swift in Sources */ = {isa = PBXBuildFile; fileRef = 0370D4FA273F629E009750C2 /* MainView.swift */; };
/* End PBXBuildFile section */

/* Begin PBXFileReference section */
		036D4A332763813100F0A1D2 /* MenuButton.swift */ = {isa = PBXFileReference; lastKnownFileType = sourcecode.swift; path = MenuButton.swift; sourceTree = "<group>"; };
		036D4A36276381BA00F0A1D2 /* SubPage.swift */ = {isa = PBXFileReference; lastKnownFileType = sourcecode.swift; path = SubPage.swift; sourceTree = "<group>"; };
		0370D4D8273F4FE8009750C2 /* SlideoutMenu.app */ = {isa = PBXFileReference; explicitFileType = wrapper.application; includeInIndex = 0; path = SlideoutMenu.app; sourceTree = BUILT_PRODUCTS_DIR; };
		0370D4DB273F4FE8009750C2 /* AppDelegate.swift */ = {isa = PBXFileReference; lastKnownFileType = sourcecode.swift; path = AppDelegate.swift; sourceTree = "<group>"; };
		0370D4DD273F4FE8009750C2 /* SceneDelegate.swift */ = {isa = PBXFileReference; lastKnownFileType = sourcecode.swift; path = SceneDelegate.swift; sourceTree = "<group>"; };
		0370D4DF273F4FE8009750C2 /* ContentView.swift */ = {isa = PBXFileReference; lastKnownFileType = sourcecode.swift; path = ContentView.swift; sourceTree = "<group>"; };
		0370D4E1273F4FE9009750C2 /* Assets.xcassets */ = {isa = PBXFileReference; lastKnownFileType = folder.assetcatalog; path = Assets.xcassets; sourceTree = "<group>"; };
		0370D4E4273F4FE9009750C2 /* Preview Assets.xcassets */ = {isa = PBXFileReference; lastKnownFileType = folder.assetcatalog; path = "Preview Assets.xcassets"; sourceTree = "<group>"; };
		0370D4E7273F4FE9009750C2 /* Base */ = {isa = PBXFileReference; lastKnownFileType = file.storyboard; name = Base; path = Base.lproj/LaunchScreen.storyboard; sourceTree = "<group>"; };
		0370D4E9273F4FE9009750C2 /* Info.plist */ = {isa = PBXFileReference; lastKnownFileType = text.plist.xml; path = Info.plist; sourceTree = "<group>"; };
		0370D4F4273F622C009750C2 /* MenuView.swift */ = {isa = PBXFileReference; lastKnownFileType = sourcecode.swift; path = MenuView.swift; sourceTree = "<group>"; };
		0370D4F7273F6242009750C2 /* HomeView.swift */ = {isa = PBXFileReference; lastKnownFileType = sourcecode.swift; path = HomeView.swift; sourceTree = "<group>"; };
		0370D4FA273F629E009750C2 /* MainView.swift */ = {isa = PBXFileReference; lastKnownFileType = sourcecode.swift; path = MainView.swift; sourceTree = "<group>"; };
/* End PBXFileReference section */

/* Begin PBXFrameworksBuildPhase section */
		0370D4D5273F4FE8009750C2 /* Frameworks */ = {
			isa = PBXFrameworksBuildPhase;
			buildActionMask = 2147483647;
			files = (
			);
			runOnlyForDeploymentPostprocessing = 0;
		};
/* End PBXFrameworksBuildPhase section */

/* Begin PBXGroup section */
		036D4A3A276382DA00F0A1D2 /* Button */ = {
			isa = PBXGroup;
			children = (
				036D4A332763813100F0A1D2 /* MenuButton.swift */,
			);
			path = Button;
			sourceTree = "<group>";
		};
		036D4A3B276382DE00F0A1D2 /* View */ = {
			isa = PBXGroup;
			children = (
				0370D4F7273F6242009750C2 /* HomeView.swift */,
				0370D4F4273F622C009750C2 /* MenuView.swift */,
			);
			path = View;
			sourceTree = "<group>";
		};
		036D4A3C276382E100F0A1D2 /* SubPage */ = {
			isa = PBXGroup;
			children = (
				036D4A36276381BA00F0A1D2 /* SubPage.swift */,
			);
			path = SubPage;
			sourceTree = "<group>";
		};
		0370D4CF273F4FE8009750C2 = {
			isa = PBXGroup;
			children = (
				0370D4DA273F4FE8009750C2 /* SlideoutMenu */,
				0370D4D9273F4FE8009750C2 /* Products */,
			);
			sourceTree = "<group>";
		};
		0370D4D9273F4FE8009750C2 /* Products */ = {
			isa = PBXGroup;
			children = (
				0370D4D8273F4FE8009750C2 /* SlideoutMenu.app */,
			);
			name = Products;
			sourceTree = "<group>";
		};
		0370D4DA273F4FE8009750C2 /* SlideoutMenu */ = {
			isa = PBXGroup;
			children = (
				0370D4DB273F4FE8009750C2 /* AppDelegate.swift */,
				0370D4DD273F4FE8009750C2 /* SceneDelegate.swift */,
				0370D4DF273F4FE8009750C2 /* ContentView.swift */,
				0370D4FA273F629E009750C2 /* MainView.swift */,
				036D4A3B276382DE00F0A1D2 /* View */,
				036D4A3C276382E100F0A1D2 /* SubPage */,
				036D4A3A276382DA00F0A1D2 /* Button */,
				0370D4E1273F4FE9009750C2 /* Assets.xcassets */,
				0370D4E6273F4FE9009750C2 /* LaunchScreen.storyboard */,
				0370D4E9273F4FE9009750C2 /* Info.plist */,
				0370D4E3273F4FE9009750C2 /* Preview Content */,
			);
			path = SlideoutMenu;
			sourceTree = "<group>";
		};
		0370D4E3273F4FE9009750C2 /* Preview Content */ = {
			isa = PBXGroup;
			children = (
				0370D4E4273F4FE9009750C2 /* Preview Assets.xcassets */,
			);
			path = "Preview Content";
			sourceTree = "<group>";
		};
/* End PBXGroup section */

/* Begin PBXNativeTarget section */
		0370D4D7273F4FE8009750C2 /* SlideoutMenu */ = {
			isa = PBXNativeTarget;
			buildConfigurationList = 0370D4EC273F4FE9009750C2 /* Build configuration list for PBXNativeTarget "SlideoutMenu" */;
			buildPhases = (
				0370D4D4273F4FE8009750C2 /* Sources */,
				0370D4D5273F4FE8009750C2 /* Frameworks */,
				0370D4D6273F4FE8009750C2 /* Resources */,
			);
			buildRules = (
			);
			dependencies = (
			);
			name = SlideoutMenu;
			productName = SlideoutMenu;
			productReference = 0370D4D8273F4FE8009750C2 /* SlideoutMenu.app */;
			productType = "com.apple.product-type.application";
		};
/* End PBXNativeTarget section */

/* Begin PBXProject section */
		0370D4D0273F4FE8009750C2 /* Project object */ = {
			isa = PBXProject;
			attributes = {
				LastSwiftUpdateCheck = 1240;
				LastUpgradeCheck = 1240;
				TargetAttributes = {
					0370D4D7273F4FE8009750C2 = {
						CreatedOnToolsVersion = 12.4;
					};
				};
			};
			buildConfigurationList = 0370D4D3273F4FE8009750C2 /* Build configuration list for PBXProject "SlideoutMenu" */;
			compatibilityVersion = "Xcode 9.3";
			developmentRegion = en;
			hasScannedForEncodings = 0;
			knownRegions = (
				en,
				Base,
			);
			mainGroup = 0370D4CF273F4FE8009750C2;
			productRefGroup = 0370D4D9273F4FE8009750C2 /* Products */;
			projectDirPath = "";
			projectRoot = "";
			targets = (
				0370D4D7273F4FE8009750C2 /* SlideoutMenu */,
			);
		};
/* End PBXProject section */

/* Begin PBXResourcesBuildPhase section */
		0370D4D6273F4FE8009750C2 /* Resources */ = {
			isa = PBXResourcesBuildPhase;
			buildActionMask = 2147483647;
			files = (
				0370D4E8273F4FE9009750C2 /* LaunchScreen.storyboard in Resources */,
				0370D4E5273F4FE9009750C2 /* Preview Assets.xcassets in Resources */,
				0370D4E2273F4FE9009750C2 /* Assets.xcassets in Resources */,
			);
			runOnlyForDeploymentPostprocessing = 0;
		};
/* End PBXResourcesBuildPhase section */

/* Begin PBXSourcesBuildPhase section */
		0370D4D4273F4FE8009750C2 /* Sources */ = {
			isa = PBXSourcesBuildPhase;
			buildActionMask = 2147483647;
			files = (
				0370D4F5273F622C009750C2 /* MenuView.swift in Sources */,
				0370D4FB273F629E009750C2 /* MainView.swift in Sources */,
				036D4A342763813100F0A1D2 /* MenuButton.swift in Sources */,
				0370D4DC273F4FE8009750C2 /* AppDelegate.swift in Sources */,
				0370D4F8273F6242009750C2 /* HomeView.swift in Sources */,
				036D4A37276381BA00F0A1D2 /* SubPage.swift in Sources */,
				0370D4DE273F4FE8009750C2 /* SceneDelegate.swift in Sources */,
				0370D4E0273F4FE8009750C2 /* ContentView.swift in Sources */,
			);
			runOnlyForDeploymentPostprocessing = 0;
		};
/* End PBXSourcesBuildPhase section */

/* Begin PBXVariantGroup section */
		0370D4E6273F4FE9009750C2 /* LaunchScreen.storyboard */ = {
			isa = PBXVariantGroup;
			children = (
				0370D4E7273F4FE9009750C2 /* Base */,
			);
			name = LaunchScreen.storyboard;
			sourceTree = "<group>";
		};
/* End PBXVariantGroup section */

/* Begin XCBuildConfiguration section */
		0370D4EA273F4FE9009750C2 /* Debug */ = {
			isa = XCBuildConfiguration;
			buildSettings = {
				ALWAYS_SEARCH_USER_PATHS = NO;
				CLANG_ANALYZER_NONNULL = YES;
				CLANG_ANALYZER_NUMBER_OBJECT_CONVERSION = YES_AGGRESSIVE;
				CLANG_CXX_LANGUAGE_STANDARD = "gnu++14";
				CLANG_CXX_LIBRARY = "libc++";
				CLANG_ENABLE_MODULES = YES;
				CLANG_ENABLE_OBJC_ARC = YES;
				CLANG_ENABLE_OBJC_WEAK = YES;
				CLANG_WARN_BLOCK_CAPTURE_AUTORELEASING = YES;
				CLANG_WARN_BOOL_CONVERSION = YES;
				CLANG_WARN_COMMA = YES;
				CLANG_WARN_CONSTANT_CONVERSION = YES;
				CLANG_WARN_DEPRECATED_OBJC_IMPLEMENTATIONS = YES;
				CLANG_WARN_DIRECT_OBJC_ISA_USAGE = YES_ERROR;
				CLANG_WARN_DOCUMENTATION_COMMENTS = YES;
				CLANG_WARN_EMPTY_BODY = YES;
				CLANG_WARN_ENUM_CONVERSION = YES;
				CLANG_WARN_INFINITE_RECURSION = YES;
				CLANG_WARN_INT_CONVERSION = YES;
				CLANG_WARN_NON_LITERAL_NULL_CONVERSION = YES;
				CLANG_WARN_OBJC_IMPLICIT_RETAIN_SELF = YES;
				CLANG_WARN_OBJC_LITERAL_CONVERSION = YES;
				CLANG_WARN_OBJC_ROOT_CLASS = YES_ERROR;
				CLANG_WARN_QUOTED_INCLUDE_IN_FRAMEWORK_HEADER = YES;
				CLANG_WARN_RANGE_LOOP_ANALYSIS = YES;
				CLANG_WARN_STRICT_PROTOTYPES = YES;
				CLANG_WARN_SUSPICIOUS_MOVE = YES;
				CLANG_WARN_UNGUARDED_AVAILABILITY = YES_AGGRESSIVE;
				CLANG_WARN_UNREACHABLE_CODE = YES;
				CLANG_WARN__DUPLICATE_METHOD_MATCH = YES;
				COPY_PHASE_STRIP = NO;
				DEBUG_INFORMATION_FORMAT = dwarf;
				ENABLE_STRICT_OBJC_MSGSEND = YES;
				ENABLE_TESTABILITY = YES;
				GCC_C_LANGUAGE_STANDARD = gnu11;
				GCC_DYNAMIC_NO_PIC = NO;
				GCC_NO_COMMON_BLOCKS = YES;
				GCC_OPTIMIZATION_LEVEL = 0;
				GCC_PREPROCESSOR_DEFINITIONS = (
					"DEBUG=1",
					"$(inherited)",
				);
				GCC_WARN_64_TO_32_BIT_CONVERSION = YES;
				GCC_WARN_ABOUT_RETURN_TYPE = YES_ERROR;
				GCC_WARN_UNDECLARED_SELECTOR = YES;
				GCC_WARN_UNINITIALIZED_AUTOS = YES_AGGRESSIVE;
				GCC_WARN_UNUSED_FUNCTION = YES;
				GCC_WARN_UNUSED_VARIABLE = YES;
				IPHONEOS_DEPLOYMENT_TARGET = 14.4;
				MTL_ENABLE_DEBUG_INFO = INCLUDE_SOURCE;
				MTL_FAST_MATH = YES;
				ONLY_ACTIVE_ARCH = YES;
				SDKROOT = iphoneos;
				SWIFT_ACTIVE_COMPILATION_CONDITIONS = DEBUG;
				SWIFT_OPTIMIZATION_LEVEL = "-Onone";
			};
			name = Debug;
		};
		0370D4EB273F4FE9009750C2 /* Release */ = {
			isa = XCBuildConfiguration;
			buildSettings = {
				ALWAYS_SEARCH_USER_PATHS = NO;
				CLANG_ANALYZER_NONNULL = YES;
				CLANG_ANALYZER_NUMBER_OBJECT_CONVERSION = YES_AGGRESSIVE;
				CLANG_CXX_LANGUAGE_STANDARD = "gnu++14";
				CLANG_CXX_LIBRARY = "libc++";
				CLANG_ENABLE_MODULES = YES;
				CLANG_ENABLE_OBJC_ARC = YES;
				CLANG_ENABLE_OBJC_WEAK = YES;
				CLANG_WARN_BLOCK_CAPTURE_AUTORELEASING = YES;
				CLANG_WARN_BOOL_CONVERSION = YES;
				CLANG_WARN_COMMA = YES;
				CLANG_WARN_CONSTANT_CONVERSION = YES;
				CLANG_WARN_DEPRECATED_OBJC_IMPLEMENTATIONS = YES;
				CLANG_WARN_DIRECT_OBJC_ISA_USAGE = YES_ERROR;
				CLANG_WARN_DOCUMENTATION_COMMENTS = YES;
				CLANG_WARN_EMPTY_BODY = YES;
				CLANG_WARN_ENUM_CONVERSION = YES;
				CLANG_WARN_INFINITE_RECURSION = YES;
				CLANG_WARN_INT_CONVERSION = YES;
				CLANG_WARN_NON_LITERAL_NULL_CONVERSION = YES;
				CLANG_WARN_OBJC_IMPLICIT_RETAIN_SELF = YES;
				CLANG_WARN_OBJC_LITERAL_CONVERSION = YES;
				CLANG_WARN_OBJC_ROOT_CLASS = YES_ERROR;
				CLANG_WARN_QUOTED_INCLUDE_IN_FRAMEWORK_HEADER = YES;
				CLANG_WARN_RANGE_LOOP_ANALYSIS = YES;
				CLANG_WARN_STRICT_PROTOTYPES = YES;
				CLANG_WARN_SUSPICIOUS_MOVE = YES;
				CLANG_WARN_UNGUARDED_AVAILABILITY = YES_AGGRESSIVE;
				CLANG_WARN_UNREACHABLE_CODE = YES;
				CLANG_WARN__DUPLICATE_METHOD_MATCH = YES;
				COPY_PHASE_STRIP = NO;
				DEBUG_INFORMATION_FORMAT = "dwarf-with-dsym";
				ENABLE_NS_ASSERTIONS = NO;
				ENABLE_STRICT_OBJC_MSGSEND = YES;
				GCC_C_LANGUAGE_STANDARD = gnu11;
				GCC_NO_COMMON_BLOCKS = YES;
				GCC_WARN_64_TO_32_BIT_CONVERSION = YES;
				GCC_WARN_ABOUT_RETURN_TYPE = YES_ERROR;
				GCC_WARN_UNDECLARED_SELECTOR = YES;
				GCC_WARN_UNINITIALIZED_AUTOS = YES_AGGRESSIVE;
				GCC_WARN_UNUSED_FUNCTION = YES;
				GCC_WARN_UNUSED_VARIABLE = YES;
				IPHONEOS_DEPLOYMENT_TARGET = 14.4;
				MTL_ENABLE_DEBUG_INFO = NO;
				MTL_FAST_MATH = YES;
				SDKROOT = iphoneos;
				SWIFT_COMPILATION_MODE = wholemodule;
				SWIFT_OPTIMIZATION_LEVEL = "-O";
				VALIDATE_PRODUCT = YES;
			};
			name = Release;
		};
		0370D4ED273F4FE9009750C2 /* Debug */ = {
			isa = XCBuildConfiguration;
			buildSettings = {
				ASSETCATALOG_COMPILER_APPICON_NAME = AppIcon;
				ASSETCATALOG_COMPILER_GLOBAL_ACCENT_COLOR_NAME = AccentColor;
				CODE_SIGN_STYLE = Automatic;
				DEVELOPMENT_ASSET_PATHS = "\"SlideoutMenu/Preview Content\"";
				ENABLE_PREVIEWS = YES;
				INFOPLIST_FILE = SlideoutMenu/Info.plist;
				LD_RUNPATH_SEARCH_PATHS = (
					"$(inherited)",
					"@executable_path/Frameworks",
				);
				PRODUCT_BUNDLE_IDENTIFIER = com.armdnks.SlideoutMenu;
				PRODUCT_NAME = "$(TARGET_NAME)";
				SWIFT_VERSION = 5.0;
				TARGETED_DEVICE_FAMILY = "1,2";
			};
			name = Debug;
		};
		0370D4EE273F4FE9009750C2 /* Release */ = {
			isa = XCBuildConfiguration;
			buildSettings = {
				ASSETCATALOG_COMPILER_APPICON_NAME = AppIcon;
				ASSETCATALOG_COMPILER_GLOBAL_ACCENT_COLOR_NAME = AccentColor;
				CODE_SIGN_STYLE = Automatic;
				DEVELOPMENT_ASSET_PATHS = "\"SlideoutMenu/Preview Content\"";
				ENABLE_PREVIEWS = YES;
				INFOPLIST_FILE = SlideoutMenu/Info.plist;
				LD_RUNPATH_SEARCH_PATHS = (
					"$(inherited)",
					"@executable_path/Frameworks",
				);
				PRODUCT_BUNDLE_IDENTIFIER = com.armdnks.SlideoutMenu;
				PRODUCT_NAME = "$(TARGET_NAME)";
				SWIFT_VERSION = 5.0;
				TARGETED_DEVICE_FAMILY = "1,2";
			};
			name = Release;
		};
/* End XCBuildConfiguration section */

/* Begin XCConfigurationList section */
		0370D4D3273F4FE8009750C2 /* Build configuration list for PBXProject "SlideoutMenu" */ = {
			isa = XCConfigurationList;
			buildConfigurations = (
				0370D4EA273F4FE9009750C2 /* Debug */,
				0370D4EB273F4FE9009750C2 /* Release */,
			);
			defaultConfigurationIsVisible = 0;
			defaultConfigurationName = Release;
		};
		0370D4EC273F4FE9009750C2 /* Build configuration list for PBXNativeTarget "SlideoutMenu" */ = {
			isa = XCConfigurationList;
			buildConfigurations = (
				0370D4ED273F4FE9009750C2 /* Debug */,
				0370D4EE273F4FE9009750C2 /* Release */,
			);
			defaultConfigurationIsVisible = 0;
			defaultConfigurationName = Release;
		};
/* End XCConfigurationList section */
	};
	rootObject = 0370D4D0273F4FE8009750C2 /* Project object */;
}
